
Microsoft Visual Studio Solution File, Format Version 12.00
# Visual Studio 14
VisualStudioVersion = 14.0.25420.1
MinimumVisualStudioVersion = 10.0.40219.1
Project("{FAE04EC0-301F-11D3-BF4B-00C04F79EFBC}") = "Pirates.API", "Pirates.API\Pirates.API.csproj", "{151BCE65-86FB-423A-BB8A-04DDFFAE6F34}"
EndProject
Project("{FAE04EC0-301F-11D3-BF4B-00C04F79EFBC}") = "Data", "Data\Data.csproj", "{C61F8DBD-8F69-42A7-96E2-3869B8B11EDE}"
EndProject
Global
	GlobalSection(SolutionConfigurationPlatforms) = preSolution
		Debug|Any CPU = Debug|Any CPU
		Release|Any CPU = Release|Any CPU
	EndGlobalSection
	GlobalSection(ProjectConfigurationPlatforms) = postSolution
		{151BCE65-86FB-423A-BB8A-04DDFFAE6F34}.Debug|Any CPU.ActiveCfg = Debug|Any CPU
		{151BCE65-86FB-423A-BB8A-04DDFFAE6F34}.Debug|Any CPU.Build.0 = Debug|Any CPU
		{151BCE65-86FB-423A-BB8A-04DDFFAE6F34}.Release|Any CPU.ActiveCfg = Release|Any CPU
		{151BCE65-86FB-423A-BB8A-04DDFFAE6F34}.Release|Any CPU.Build.0 = Release|Any CPU
		{C61F8DBD-8F69-42A7-96E2-3869B8B11EDE}.Debug|Any CPU.ActiveCfg = Debug|Any CPU
		{C61F8DBD-8F69-42A7-96E2-3869B8B11EDE}.Debug|Any CPU.Build.0 = Debug|Any CPU
		{C61F8DBD-8F69-42A7-96E2-3869B8B11EDE}.Release|Any CPU.ActiveCfg = Release|Any CPU
		{C61F8DBD-8F69-42A7-96E2-3869B8B11EDE}.Release|Any CPU.Build.0 = Release|Any CPU
	EndGlobalSection
	GlobalSection(SolutionProperties) = preSolution
		HideSolutionNode = FALSE
	EndGlobalSection
EndGlobal
